
Microsoft Visual Studio Solution File, Format Version 12.00
# Visual Studio Version 16
VisualStudioVersion = 16.0.30204.135
MinimumVisualStudioVersion = 10.0.40219.1
Project("{FAE04EC0-301F-11D3-BF4B-00C04F79EFBC}") = "TouchDisableTray", "TouchDisableTray\TouchDisableTray.csproj", "{DAF73EA4-2370-4B60-A094-BC0F557BCECC}"
	ProjectSection(ProjectDependencies) = postProject
		{CE119D2D-F9B6-4FCF-B527-40CAEAEF029C} = {CE119D2D-F9B6-4FCF-B527-40CAEAEF029C}
	EndProjectSection
EndProject
Project("{FAE04EC0-301F-11D3-BF4B-00C04F79EFBC}") = "MutexManager", "MutexManager\MutexManager.csproj", "{CE119D2D-F9B6-4FCF-B527-40CAEAEF029C}"
EndProject
Project("{FAE04EC0-301F-11D3-BF4B-00C04F79EFBC}") = "HardwareHelperLib", "HardwareHelperLib\HardwareHelperLib.csproj", "{86054FD0-A9F8-419E-B185-E55C9E3E1EE5}"
EndProject
Global
	GlobalSection(SolutionConfigurationPlatforms) = preSolution
		Debug|Any CPU = Debug|Any CPU
		Debug|x86 = Debug|x86
		Release|Any CPU = Release|Any CPU
		Release|x86 = Release|x86
	EndGlobalSection
	GlobalSection(ProjectConfigurationPlatforms) = postSolution
		{DAF73EA4-2370-4B60-A094-BC0F557BCECC}.Debug|Any CPU.ActiveCfg = Debug|Any CPU
		{DAF73EA4-2370-4B60-A094-BC0F557BCECC}.Debug|Any CPU.Build.0 = Debug|Any CPU
		{DAF73EA4-2370-4B60-A094-BC0F557BCECC}.Debug|x86.ActiveCfg = Debug|Any CPU
		{DAF73EA4-2370-4B60-A094-BC0F557BCECC}.Debug|x86.Build.0 = Debug|Any CPU
		{DAF73EA4-2370-4B60-A094-BC0F557BCECC}.Release|Any CPU.ActiveCfg = Release|Any CPU
		{DAF73EA4-2370-4B60-A094-BC0F557BCECC}.Release|Any CPU.Build.0 = Release|Any CPU
		{DAF73EA4-2370-4B60-A094-BC0F557BCECC}.Release|x86.ActiveCfg = Release|Any CPU
		{DAF73EA4-2370-4B60-A094-BC0F557BCECC}.Release|x86.Build.0 = Release|Any CPU
		{CE119D2D-F9B6-4FCF-B527-40CAEAEF029C}.Debug|Any CPU.ActiveCfg = Debug|Any CPU
		{CE119D2D-F9B6-4FCF-B527-40CAEAEF029C}.Debug|Any CPU.Build.0 = Debug|Any CPU
		{CE119D2D-F9B6-4FCF-B527-40CAEAEF029C}.Debug|x86.ActiveCfg = Debug|Any CPU
		{CE119D2D-F9B6-4FCF-B527-40CAEAEF029C}.Debug|x86.Build.0 = Debug|Any CPU
		{CE119D2D-F9B6-4FCF-B527-40CAEAEF029C}.Release|Any CPU.ActiveCfg = Release|Any CPU
		{CE119D2D-F9B6-4FCF-B527-40CAEAEF029C}.Release|Any CPU.Build.0 = Release|Any CPU
		{CE119D2D-F9B6-4FCF-B527-40CAEAEF029C}.Release|x86.ActiveCfg = Release|Any CPU
		{CE119D2D-F9B6-4FCF-B527-40CAEAEF029C}.Release|x86.Build.0 = Release|Any CPU
		{86054FD0-A9F8-419E-B185-E55C9E3E1EE5}.Debug|Any CPU.ActiveCfg = Debug|Any CPU
		{86054FD0-A9F8-419E-B185-E55C9E3E1EE5}.Debug|Any CPU.Build.0 = Debug|Any CPU
		{86054FD0-A9F8-419E-B185-E55C9E3E1EE5}.Debug|x86.ActiveCfg = Debug|x86
		{86054FD0-A9F8-419E-B185-E55C9E3E1EE5}.Debug|x86.Build.0 = Debug|x86
		{86054FD0-A9F8-419E-B185-E55C9E3E1EE5}.Release|Any CPU.ActiveCfg = Release|Any CPU
		{86054FD0-A9F8-419E-B185-E55C9E3E1EE5}.Release|Any CPU.Build.0 = Release|Any CPU
		{86054FD0-A9F8-419E-B185-E55C9E3E1EE5}.Release|x86.ActiveCfg = Release|x86
		{86054FD0-A9F8-419E-B185-E55C9E3E1EE5}.Release|x86.Build.0 = Release|x86
	EndGlobalSection
	GlobalSection(SolutionProperties) = preSolution
		HideSolutionNode = FALSE
	EndGlobalSection
	GlobalSection(ExtensibilityGlobals) = postSolution
		SolutionGuid = {47569AD3-1383-4674-BD76-1E183ED506CC}
	EndGlobalSection
EndGlobal
